
Microsoft Visual Studio Solution File, Format Version 12.00
# Visual Studio Version 17
VisualStudioVersion = 17.9.34728.123
MinimumVisualStudioVersion = 10.0.40219.1
Project("{FAE04EC0-301F-11D3-BF4B-00C04F79EFBC}") = "WeatherApplication", "WeatherApplication\WeatherApplication.csproj", "{E82187F7-FB36-4850-BC2B-B41583B29E82}"
EndProject
Global
	GlobalSection(SolutionConfigurationPlatforms) = preSolution
		Debug|Any CPU = Debug|Any CPU
		Release|Any CPU = Release|Any CPU
	EndGlobalSection
	GlobalSection(ProjectConfigurationPlatforms) = postSolution
		{E82187F7-FB36-4850-BC2B-B41583B29E82}.Debug|Any CPU.ActiveCfg = Debug|Any CPU
		{E82187F7-FB36-4850-BC2B-B41583B29E82}.Debug|Any CPU.Build.0 = Debug|Any CPU
		{E82187F7-FB36-4850-BC2B-B41583B29E82}.Release|Any CPU.ActiveCfg = Release|Any CPU
		{E82187F7-FB36-4850-BC2B-B41583B29E82}.Release|Any CPU.Build.0 = Release|Any CPU
	EndGlobalSection
	GlobalSection(SolutionProperties) = preSolution
		HideSolutionNode = FALSE
	EndGlobalSection
	GlobalSection(ExtensibilityGlobals) = postSolution
		SolutionGuid = {56718B9C-B8C4-4DD7-9A8F-3A7B3BF2C058}
	EndGlobalSection
EndGlobal
